// !$*UTF8*$!
{
	archiveVersion = 1;
	classes = {
	};
	objectVersion = 51;
	objects = {

/* Begin PBXBuildFile section */
		102B9DA02631393B00500711 /* ExtendHome.swift in Sources */ = {isa = PBXBuildFile; fileRef = 102B9D9F2631393B00500711 /* ExtendHome.swift */; };
		102B9DA3263186B100500711 /* DBModel.swift in Sources */ = {isa = PBXBuildFile; fileRef = 102B9DA2263186B100500711 /* DBModel.swift */; };
		102B9DA6263187C600500711 /* DBService.swift in Sources */ = {isa = PBXBuildFile; fileRef = 102B9DA5263187C600500711 /* DBService.swift */; };
		102B9DAC26319B6600500711 /* Extension.swift in Sources */ = {isa = PBXBuildFile; fileRef = 102B9DAB26319B6600500711 /* Extension.swift */; };
		102B9DB326319BE200500711 /* HomeCV.swift in Sources */ = {isa = PBXBuildFile; fileRef = 102B9DB226319BE200500711 /* HomeCV.swift */; };
		102B9DB726327CF300500711 /* gallery.png in Resources */ = {isa = PBXBuildFile; fileRef = 102B9DB626327CF300500711 /* gallery.png */; };
		102B9DC726328C1700500711 /* HomeDetailsVC.swift in Sources */ = {isa = PBXBuildFile; fileRef = 102B9DC626328C1700500711 /* HomeDetailsVC.swift */; };
		102B9DCA26328C4000500711 /* OptionVC.swift in Sources */ = {isa = PBXBuildFile; fileRef = 102B9DC926328C4000500711 /* OptionVC.swift */; };
		102B9DCD2633F16100500711 /* OptionCell.swift in Sources */ = {isa = PBXBuildFile; fileRef = 102B9DCC2633F16100500711 /* OptionCell.swift */; };
		102B9DD026345ECA00500711 /* photoalbum.png in Resources */ = {isa = PBXBuildFile; fileRef = 102B9DCF26345ECA00500711 /* photoalbum.png */; };
		102B9DD326345ED200500711 /* document.png in Resources */ = {isa = PBXBuildFile; fileRef = 102B9DD226345ED200500711 /* document.png */; };
		102B9DD626345ED600500711 /* video.png in Resources */ = {isa = PBXBuildFile; fileRef = 102B9DD526345ED600500711 /* video.png */; };
		102B9DD926345EDA00500711 /* newfolder.png in Resources */ = {isa = PBXBuildFile; fileRef = 102B9DD826345EDA00500711 /* newfolder.png */; };
		102B9DDD2634693500500711 /* AddNewFolderVC.swift in Sources */ = {isa = PBXBuildFile; fileRef = 102B9DDC2634693500500711 /* AddNewFolderVC.swift */; };
		107AE2C5262ECEE8006AAC18 /* HomeCVCell.swift in Sources */ = {isa = PBXBuildFile; fileRef = 107AE2C3262ECEE8006AAC18 /* HomeCVCell.swift */; };
		107AE2C6262ECEE8006AAC18 /* HomeCVCell.xib in Resources */ = {isa = PBXBuildFile; fileRef = 107AE2C4262ECEE8006AAC18 /* HomeCVCell.xib */; };
		108182D12636A804005810DF /* image.png in Resources */ = {isa = PBXBuildFile; fileRef = 108182D02636A804005810DF /* image.png */; };
		108182D52636A978005810DF /* settings.png in Resources */ = {isa = PBXBuildFile; fileRef = 108182D42636A978005810DF /* settings.png */; };
		108182D82636BCA0005810DF /* settings_icon.png in Resources */ = {isa = PBXBuildFile; fileRef = 108182D72636BCA0005810DF /* settings_icon.png */; };
		108182DB2636DA61005810DF /* deleteButtonpng.png in Resources */ = {isa = PBXBuildFile; fileRef = 108182DA2636DA61005810DF /* deleteButtonpng.png */; };
		108A2D2426371D6700C83720 /* DesignHomeDetails.swift in Sources */ = {isa = PBXBuildFile; fileRef = 108A2D2326371D6700C83720 /* DesignHomeDetails.swift */; };
		108A2D2726371D8200C83720 /* CVHomeDetails.swift in Sources */ = {isa = PBXBuildFile; fileRef = 108A2D2626371D8200C83720 /* CVHomeDetails.swift */; };
		108A2D2A26371D9300C83720 /* TVHomeDetails.swift in Sources */ = {isa = PBXBuildFile; fileRef = 108A2D2926371D9300C83720 /* TVHomeDetails.swift */; };
		108A2D2D2637204F00C83720 /* ConfigHomeDetails.swift in Sources */ = {isa = PBXBuildFile; fileRef = 108A2D2C2637204F00C83720 /* ConfigHomeDetails.swift */; };
		109000C3263E6F96005BE916 /* DetailsTVCell.swift in Sources */ = {isa = PBXBuildFile; fileRef = 109000C1263E6F96005BE916 /* DetailsTVCell.swift */; };
		109000C4263E6F97005BE916 /* DetailsTVCell.xib in Resources */ = {isa = PBXBuildFile; fileRef = 109000C2263E6F96005BE916 /* DetailsTVCell.xib */; };
		10A9835C26348BD900FC647E /* SettingsVC.swift in Sources */ = {isa = PBXBuildFile; fileRef = 10A9835B26348BD900FC647E /* SettingsVC.swift */; };
		10A9836026348CCC00FC647E /* SettingsTVCell.swift in Sources */ = {isa = PBXBuildFile; fileRef = 10A9835F26348CCC00FC647E /* SettingsTVCell.swift */; };
		10CF95EC263E949100C5D324 /* HomeDetailsDB.swift in Sources */ = {isa = PBXBuildFile; fileRef = 10CF95EB263E949100C5D324 /* HomeDetailsDB.swift */; };
		10CF9690263F275000C5D324 /* FMZoomInAnimationController.swift in Sources */ = {isa = PBXBuildFile; fileRef = 10CF964C263F275000C5D324 /* FMZoomInAnimationController.swift */; };
		10CF9691263F275000C5D324 /* FMZoomOutAnimationController.swift in Sources */ = {isa = PBXBuildFile; fileRef = 10CF964D263F275000C5D324 /* FMZoomOutAnimationController.swift */; };
		10CF9692263F275000C5D324 /* Assets.xcassets in Resources */ = {isa = PBXBuildFile; fileRef = 10CF964E263F275000C5D324 /* Assets.xcassets */; };
		10CF9693263F275000C5D324 /* FMPhotoPickerConfig.swift in Sources */ = {isa = PBXBuildFile; fileRef = 10CF9650263F275000C5D324 /* FMPhotoPickerConfig.swift */; };
		10CF9694263F275000C5D324 /* FMLoadingView.swift in Sources */ = {isa = PBXBuildFile; fileRef = 10CF9651263F275000C5D324 /* FMLoadingView.swift */; };
		10CF9695263F275000C5D324 /* FMAlertable.swift in Sources */ = {isa = PBXBuildFile; fileRef = 10CF9652263F275000C5D324 /* FMAlertable.swift */; };
		10CF9696263F275000C5D324 /* UIView+FMPhotoView.swift in Sources */ = {isa = PBXBuildFile; fileRef = 10CF9653263F275000C5D324 /* UIView+FMPhotoView.swift */; };
		10CF9697263F275000C5D324 /* UIImage+Extension.swift in Sources */ = {isa = PBXBuildFile; fileRef = 10CF9654263F275000C5D324 /* UIImage+Extension.swift */; };
		10CF9698263F275000C5D324 /* UIImage+Extensions.swift in Sources */ = {isa = PBXBuildFile; fileRef = 10CF9655263F275000C5D324 /* UIImage+Extensions.swift */; };
		10CF9699263F275000C5D324 /* Bundle+Extension.swift in Sources */ = {isa = PBXBuildFile; fileRef = 10CF9656263F275000C5D324 /* Bundle+Extension.swift */; };
		10CF969A263F275000C5D324 /* AVPlayer+Extension.swift in Sources */ = {isa = PBXBuildFile; fileRef = 10CF9657263F275000C5D324 /* AVPlayer+Extension.swift */; };
		10CF969B263F275000C5D324 /* TimeInterval+Extension.swift in Sources */ = {isa = PBXBuildFile; fileRef = 10CF9658263F275000C5D324 /* TimeInterval+Extension.swift */; };
		10CF969C263F275000C5D324 /* Const.swift in Sources */ = {isa = PBXBuildFile; fileRef = 10CF9659263F275000C5D324 /* Const.swift */; };
		10CF969D263F275000C5D324 /* Helper.swift in Sources */ = {isa = PBXBuildFile; fileRef = 10CF965A263F275000C5D324 /* Helper.swift */; };
		10CF969E263F275000C5D324 /* InsertableUIView.swift in Sources */ = {isa = PBXBuildFile; fileRef = 10CF965B263F275000C5D324 /* InsertableUIView.swift */; };
		10CF969F263F275000C5D324 /* FMWarningView.swift in Sources */ = {isa = PBXBuildFile; fileRef = 10CF965C263F275000C5D324 /* FMWarningView.swift */; };
		10CF96A0263F275000C5D324 /* FMPhotoInteractionAnimator.swift in Sources */ = {isa = PBXBuildFile; fileRef = 10CF965E263F275000C5D324 /* FMPhotoInteractionAnimator.swift */; };
		10CF96A1263F275000C5D324 /* FMPhotoPickerBatchSelector.swift in Sources */ = {isa = PBXBuildFile; fileRef = 10CF9661263F275000C5D324 /* FMPhotoPickerBatchSelector.swift */; };
		10CF96A2263F275000C5D324 /* FMPhotoPickerImageCollectionViewLayout.swift in Sources */ = {isa = PBXBuildFile; fileRef = 10CF9662263F275000C5D324 /* FMPhotoPickerImageCollectionViewLayout.swift */; };
		10CF96A3263F275000C5D324 /* FMPhotoPickerViewController.swift in Sources */ = {isa = PBXBuildFile; fileRef = 10CF9663263F275000C5D324 /* FMPhotoPickerViewController.swift */; };
		10CF96A4263F275000C5D324 /* FMPhotoPickerImageCollectionViewCell.swift in Sources */ = {isa = PBXBuildFile; fileRef = 10CF9664263F275000C5D324 /* FMPhotoPickerImageCollectionViewCell.swift */; };
		10CF96A5263F275000C5D324 /* FMVideoViewController.swift in Sources */ = {isa = PBXBuildFile; fileRef = 10CF9667263F275000C5D324 /* FMVideoViewController.swift */; };
		10CF96A6263F275000C5D324 /* FMPhotoViewController.swift in Sources */ = {isa = PBXBuildFile; fileRef = 10CF9668263F275000C5D324 /* FMPhotoViewController.swift */; };
		10CF96A7263F275000C5D324 /* FMScalingImageView.swift in Sources */ = {isa = PBXBuildFile; fileRef = 10CF9669263F275000C5D324 /* FMScalingImageView.swift */; };
		10CF96A8263F275000C5D324 /* FMImageViewController.swift in Sources */ = {isa = PBXBuildFile; fileRef = 10CF966A263F275000C5D324 /* FMImageViewController.swift */; };
		10CF96A9263F275000C5D324 /* FMPlaybackControlView.swift in Sources */ = {isa = PBXBuildFile; fileRef = 10CF966C263F275000C5D324 /* FMPlaybackControlView.swift */; };
		10CF96AA263F275000C5D324 /* FMPlaybackProgressTrackLayer.swift in Sources */ = {isa = PBXBuildFile; fileRef = 10CF966E263F275000C5D324 /* FMPlaybackProgressTrackLayer.swift */; };
		10CF96AB263F275000C5D324 /* FMPlaybackProgressView.swift in Sources */ = {isa = PBXBuildFile; fileRef = 10CF966F263F275000C5D324 /* FMPlaybackProgressView.swift */; };
		10CF96AC263F275000C5D324 /* FMPlaybackProgressThumbLayer.swift in Sources */ = {isa = PBXBuildFile; fileRef = 10CF9670263F275000C5D324 /* FMPlaybackProgressThumbLayer.swift */; };
		10CF96AD263F275000C5D324 /* FMPresenterTopView.swift in Sources */ = {isa = PBXBuildFile; fileRef = 10CF9671263F275000C5D324 /* FMPresenterTopView.swift */; };
		10CF96AE263F275000C5D324 /* FMPresenterBottomView.swift in Sources */ = {isa = PBXBuildFile; fileRef = 10CF9672263F275000C5D324 /* FMPresenterBottomView.swift */; };
		10CF96AF263F275000C5D324 /* FMPresenterEditMenuView.swift in Sources */ = {isa = PBXBuildFile; fileRef = 10CF9673263F275000C5D324 /* FMPresenterEditMenuView.swift */; };
		10CF96B0263F275000C5D324 /* FMPhotoPresenterViewController.swift in Sources */ = {isa = PBXBuildFile; fileRef = 10CF9674263F275000C5D324 /* FMPhotoPresenterViewController.swift */; };
		10CF96B1263F275000C5D324 /* FMCropCell.swift in Sources */ = {isa = PBXBuildFile; fileRef = 10CF9677263F275000C5D324 /* FMCropCell.swift */; };
		10CF96B2263F275000C5D324 /* FMCropMenuView.swift in Sources */ = {isa = PBXBuildFile; fileRef = 10CF9678263F275000C5D324 /* FMCropMenuView.swift */; };
		10CF96B3263F275000C5D324 /* FMCropView.swift in Sources */ = {isa = PBXBuildFile; fileRef = 10CF967A263F275000C5D324 /* FMCropView.swift */; };
		10CF96B4263F275000C5D324 /* FMCropCropBoxView.swift in Sources */ = {isa = PBXBuildFile; fileRef = 10CF967B263F275000C5D324 /* FMCropCropBoxView.swift */; };
		10CF96B5263F275000C5D324 /* FMCropTranslucencyView.swift in Sources */ = {isa = PBXBuildFile; fileRef = 10CF967C263F275000C5D324 /* FMCropTranslucencyView.swift */; };
		10CF96B6263F275000C5D324 /* FMCropScrollView.swift in Sources */ = {isa = PBXBuildFile; fileRef = 10CF967D263F275000C5D324 /* FMCropScrollView.swift */; };
		10CF96B7263F275000C5D324 /* FMCropCropBoxCornersView.swift in Sources */ = {isa = PBXBuildFile; fileRef = 10CF967E263F275000C5D324 /* FMCropCropBoxCornersView.swift */; };
		10CF96B8263F275000C5D324 /* FMCropBackgroundView.swift in Sources */ = {isa = PBXBuildFile; fileRef = 10CF967F263F275000C5D324 /* FMCropBackgroundView.swift */; };
		10CF96B9263F275000C5D324 /* FMCropForegroundView.swift in Sources */ = {isa = PBXBuildFile; fileRef = 10CF9680263F275000C5D324 /* FMCropForegroundView.swift */; };
		10CF96BA263F275000C5D324 /* FMFiltersMenuView.swift in Sources */ = {isa = PBXBuildFile; fileRef = 10CF9681263F275000C5D324 /* FMFiltersMenuView.swift */; };
		10CF96BB263F275000C5D324 /* FMFilterCell.swift in Sources */ = {isa = PBXBuildFile; fileRef = 10CF9682263F275000C5D324 /* FMFilterCell.swift */; };
		10CF96BC263F275000C5D324 /* FMImageEditorViewController.swift in Sources */ = {isa = PBXBuildFile; fileRef = 10CF9683263F275000C5D324 /* FMImageEditorViewController.swift */; };
		10CF96BD263F275000C5D324 /* FMPhotoAsset.swift in Sources */ = {isa = PBXBuildFile; fileRef = 10CF9685263F275000C5D324 /* FMPhotoAsset.swift */; };
		10CF96BE263F275000C5D324 /* FMPhotosDataSource.swift in Sources */ = {isa = PBXBuildFile; fileRef = 10CF9686263F275000C5D324 /* FMPhotosDataSource.swift */; };
		10CF96BF263F275000C5D324 /* FMImageEditor.swift in Sources */ = {isa = PBXBuildFile; fileRef = 10CF9688263F275000C5D324 /* FMImageEditor.swift */; };
		10CF96C0263F275000C5D324 /* FMCrop.swift in Sources */ = {isa = PBXBuildFile; fileRef = 10CF968A263F275000C5D324 /* FMCrop.swift */; };
		10CF96C1263F275000C5D324 /* FMCroppable.swift in Sources */ = {isa = PBXBuildFile; fileRef = 10CF968B263F275000C5D324 /* FMCroppable.swift */; };
		10CF96C2263F275000C5D324 /* FMFilter.swift in Sources */ = {isa = PBXBuildFile; fileRef = 10CF968D263F275000C5D324 /* FMFilter.swift */; };
		10CF96C3263F275000C5D324 /* FMFilterable.swift in Sources */ = {isa = PBXBuildFile; fileRef = 10CF968E263F275000C5D324 /* FMFilterable.swift */; };
		10F4E57C262C224500E59A29 /* AppDelegate.swift in Sources */ = {isa = PBXBuildFile; fileRef = 10F4E57B262C224500E59A29 /* AppDelegate.swift */; };
		10F4E57E262C224500E59A29 /* SceneDelegate.swift in Sources */ = {isa = PBXBuildFile; fileRef = 10F4E57D262C224500E59A29 /* SceneDelegate.swift */; };
		10F4E580262C224500E59A29 /* HomeVC.swift in Sources */ = {isa = PBXBuildFile; fileRef = 10F4E57F262C224500E59A29 /* HomeVC.swift */; };
		10F4E583262C224500E59A29 /* Main.storyboard in Resources */ = {isa = PBXBuildFile; fileRef = 10F4E581262C224500E59A29 /* Main.storyboard */; };
		10F4E585262C224800E59A29 /* Assets.xcassets in Resources */ = {isa = PBXBuildFile; fileRef = 10F4E584262C224800E59A29 /* Assets.xcassets */; };
		10F4E588262C224800E59A29 /* LaunchScreen.storyboard in Resources */ = {isa = PBXBuildFile; fileRef = 10F4E586262C224800E59A29 /* LaunchScreen.storyboard */; };
		E22B27FD4824E906B7291414 /* Pods_PhotoLocker.framework in Frameworks */ = {isa = PBXBuildFile; fileRef = AC024A9C291E493ECEBA30CA /* Pods_PhotoLocker.framework */; };
/* End PBXBuildFile section */

/* Begin PBXFileReference section */
		102B9D9F2631393B00500711 /* ExtendHome.swift */ = {isa = PBXFileReference; lastKnownFileType = sourcecode.swift; path = ExtendHome.swift; sourceTree = "<group>"; };
		102B9DA2263186B100500711 /* DBModel.swift */ = {isa = PBXFileReference; lastKnownFileType = sourcecode.swift; path = DBModel.swift; sourceTree = "<group>"; };
		102B9DA5263187C600500711 /* DBService.swift */ = {isa = PBXFileReference; lastKnownFileType = sourcecode.swift; path = DBService.swift; sourceTree = "<group>"; };
		102B9DAB26319B6600500711 /* Extension.swift */ = {isa = PBXFileReference; lastKnownFileType = sourcecode.swift; path = Extension.swift; sourceTree = "<group>"; };
		102B9DB226319BE200500711 /* HomeCV.swift */ = {isa = PBXFileReference; lastKnownFileType = sourcecode.swift; path = HomeCV.swift; sourceTree = "<group>"; };
		102B9DB626327CF300500711 /* gallery.png */ = {isa = PBXFileReference; lastKnownFileType = image.png; path = gallery.png; sourceTree = "<group>"; };
		102B9DC626328C1700500711 /* HomeDetailsVC.swift */ = {isa = PBXFileReference; lastKnownFileType = sourcecode.swift; path = HomeDetailsVC.swift; sourceTree = "<group>"; };
		102B9DC926328C4000500711 /* OptionVC.swift */ = {isa = PBXFileReference; lastKnownFileType = sourcecode.swift; path = OptionVC.swift; sourceTree = "<group>"; };
		102B9DCC2633F16100500711 /* OptionCell.swift */ = {isa = PBXFileReference; lastKnownFileType = sourcecode.swift; path = OptionCell.swift; sourceTree = "<group>"; };
		102B9DCF26345ECA00500711 /* photoalbum.png */ = {isa = PBXFileReference; lastKnownFileType = image.png; path = photoalbum.png; sourceTree = "<group>"; };
		102B9DD226345ED200500711 /* document.png */ = {isa = PBXFileReference; lastKnownFileType = image.png; path = document.png; sourceTree = "<group>"; };
		102B9DD526345ED600500711 /* video.png */ = {isa = PBXFileReference; lastKnownFileType = image.png; path = video.png; sourceTree = "<group>"; };
		102B9DD826345EDA00500711 /* newfolder.png */ = {isa = PBXFileReference; lastKnownFileType = image.png; path = newfolder.png; sourceTree = "<group>"; };
		102B9DDC2634693500500711 /* AddNewFolderVC.swift */ = {isa = PBXFileReference; lastKnownFileType = sourcecode.swift; path = AddNewFolderVC.swift; sourceTree = "<group>"; };
		107AE2C3262ECEE8006AAC18 /* HomeCVCell.swift */ = {isa = PBXFileReference; lastKnownFileType = sourcecode.swift; path = HomeCVCell.swift; sourceTree = "<group>"; };
		107AE2C4262ECEE8006AAC18 /* HomeCVCell.xib */ = {isa = PBXFileReference; lastKnownFileType = file.xib; path = HomeCVCell.xib; sourceTree = "<group>"; };
		108182D02636A804005810DF /* image.png */ = {isa = PBXFileReference; lastKnownFileType = image.png; path = image.png; sourceTree = "<group>"; };
		108182D42636A978005810DF /* settings.png */ = {isa = PBXFileReference; lastKnownFileType = image.png; path = settings.png; sourceTree = "<group>"; };
		108182D72636BCA0005810DF /* settings_icon.png */ = {isa = PBXFileReference; lastKnownFileType = image.png; path = settings_icon.png; sourceTree = "<group>"; };
		108182DA2636DA61005810DF /* deleteButtonpng.png */ = {isa = PBXFileReference; lastKnownFileType = image.png; path = deleteButtonpng.png; sourceTree = "<group>"; };
		108A2D2326371D6700C83720 /* DesignHomeDetails.swift */ = {isa = PBXFileReference; lastKnownFileType = sourcecode.swift; path = DesignHomeDetails.swift; sourceTree = "<group>"; };
		108A2D2626371D8200C83720 /* CVHomeDetails.swift */ = {isa = PBXFileReference; lastKnownFileType = sourcecode.swift; path = CVHomeDetails.swift; sourceTree = "<group>"; };
		108A2D2926371D9300C83720 /* TVHomeDetails.swift */ = {isa = PBXFileReference; lastKnownFileType = sourcecode.swift; path = TVHomeDetails.swift; sourceTree = "<group>"; };
		108A2D2C2637204F00C83720 /* ConfigHomeDetails.swift */ = {isa = PBXFileReference; lastKnownFileType = sourcecode.swift; path = ConfigHomeDetails.swift; sourceTree = "<group>"; };
		109000C1263E6F96005BE916 /* DetailsTVCell.swift */ = {isa = PBXFileReference; lastKnownFileType = sourcecode.swift; path = DetailsTVCell.swift; sourceTree = "<group>"; };
		109000C2263E6F96005BE916 /* DetailsTVCell.xib */ = {isa = PBXFileReference; lastKnownFileType = file.xib; path = DetailsTVCell.xib; sourceTree = "<group>"; };
		10A9835B26348BD900FC647E /* SettingsVC.swift */ = {isa = PBXFileReference; lastKnownFileType = sourcecode.swift; path = SettingsVC.swift; sourceTree = "<group>"; };
		10A9835F26348CCC00FC647E /* SettingsTVCell.swift */ = {isa = PBXFileReference; lastKnownFileType = sourcecode.swift; path = SettingsTVCell.swift; sourceTree = "<group>"; };
		10CF95EB263E949100C5D324 /* HomeDetailsDB.swift */ = {isa = PBXFileReference; lastKnownFileType = sourcecode.swift; path = HomeDetailsDB.swift; sourceTree = "<group>"; };
		10CF964C263F275000C5D324 /* FMZoomInAnimationController.swift */ = {isa = PBXFileReference; fileEncoding = 4; lastKnownFileType = sourcecode.swift; path = FMZoomInAnimationController.swift; sourceTree = "<group>"; };
		10CF964D263F275000C5D324 /* FMZoomOutAnimationController.swift */ = {isa = PBXFileReference; fileEncoding = 4; lastKnownFileType = sourcecode.swift; path = FMZoomOutAnimationController.swift; sourceTree = "<group>"; };
		10CF964E263F275000C5D324 /* Assets.xcassets */ = {isa = PBXFileReference; lastKnownFileType = folder.assetcatalog; path = Assets.xcassets; sourceTree = "<group>"; };
		10CF9650263F275000C5D324 /* FMPhotoPickerConfig.swift */ = {isa = PBXFileReference; fileEncoding = 4; lastKnownFileType = sourcecode.swift; path = FMPhotoPickerConfig.swift; sourceTree = "<group>"; };
		10CF9651263F275000C5D324 /* FMLoadingView.swift */ = {isa = PBXFileReference; fileEncoding = 4; lastKnownFileType = sourcecode.swift; path = FMLoadingView.swift; sourceTree = "<group>"; };
		10CF9652263F275000C5D324 /* FMAlertable.swift */ = {isa = PBXFileReference; fileEncoding = 4; lastKnownFileType = sourcecode.swift; path = FMAlertable.swift; sourceTree = "<group>"; };
		10CF9653263F275000C5D324 /* UIView+FMPhotoView.swift */ = {isa = PBXFileReference; fileEncoding = 4; lastKnownFileType = sourcecode.swift; path = "UIView+FMPhotoView.swift"; sourceTree = "<group>"; };
		10CF9654263F275000C5D324 /* UIImage+Extension.swift */ = {isa = PBXFileReference; fileEncoding = 4; lastKnownFileType = sourcecode.swift; path = "UIImage+Extension.swift"; sourceTree = "<group>"; };
		10CF9655263F275000C5D324 /* UIImage+Extensions.swift */ = {isa = PBXFileReference; fileEncoding = 4; lastKnownFileType = sourcecode.swift; path = "UIImage+Extensions.swift"; sourceTree = "<group>"; };
		10CF9656263F275000C5D324 /* Bundle+Extension.swift */ = {isa = PBXFileReference; fileEncoding = 4; lastKnownFileType = sourcecode.swift; path = "Bundle+Extension.swift"; sourceTree = "<group>"; };
		10CF9657263F275000C5D324 /* AVPlayer+Extension.swift */ = {isa = PBXFileReference; fileEncoding = 4; lastKnownFileType = sourcecode.swift; path = "AVPlayer+Extension.swift"; sourceTree = "<group>"; };
		10CF9658263F275000C5D324 /* TimeInterval+Extension.swift */ = {isa = PBXFileReference; fileEncoding = 4; lastKnownFileType = sourcecode.swift; path = "TimeInterval+Extension.swift"; sourceTree = "<group>"; };
		10CF9659263F275000C5D324 /* Const.swift */ = {isa = PBXFileReference; fileEncoding = 4; lastKnownFileType = sourcecode.swift; path = Const.swift; sourceTree = "<group>"; };
		10CF965A263F275000C5D324 /* Helper.swift */ = {isa = PBXFileReference; fileEncoding = 4; lastKnownFileType = sourcecode.swift; path = Helper.swift; sourceTree = "<group>"; };
		10CF965B263F275000C5D324 /* InsertableUIView.swift */ = {isa = PBXFileReference; fileEncoding = 4; lastKnownFileType = sourcecode.swift; path = InsertableUIView.swift; sourceTree = "<group>"; };
		10CF965C263F275000C5D324 /* FMWarningView.swift */ = {isa = PBXFileReference; fileEncoding = 4; lastKnownFileType = sourcecode.swift; path = FMWarningView.swift; sourceTree = "<group>"; };
		10CF965E263F275000C5D324 /* FMPhotoInteractionAnimator.swift */ = {isa = PBXFileReference; fileEncoding = 4; lastKnownFileType = sourcecode.swift; path = FMPhotoInteractionAnimator.swift; sourceTree = "<group>"; };
		10CF9661263F275000C5D324 /* FMPhotoPickerBatchSelector.swift */ = {isa = PBXFileReference; fileEncoding = 4; lastKnownFileType = sourcecode.swift; path = FMPhotoPickerBatchSelector.swift; sourceTree = "<group>"; };
		10CF9662263F275000C5D324 /* FMPhotoPickerImageCollectionViewLayout.swift */ = {isa = PBXFileReference; fileEncoding = 4; lastKnownFileType = sourcecode.swift; path = FMPhotoPickerImageCollectionViewLayout.swift; sourceTree = "<group>"; };
		10CF9663263F275000C5D324 /* FMPhotoPickerViewController.swift */ = {isa = PBXFileReference; fileEncoding = 4; lastKnownFileType = sourcecode.swift; path = FMPhotoPickerViewController.swift; sourceTree = "<group>"; };
		10CF9664263F275000C5D324 /* FMPhotoPickerImageCollectionViewCell.swift */ = {isa = PBXFileReference; fileEncoding = 4; lastKnownFileType = sourcecode.swift; path = FMPhotoPickerImageCollectionViewCell.swift; sourceTree = "<group>"; };
		10CF9667263F275000C5D324 /* FMVideoViewController.swift */ = {isa = PBXFileReference; fileEncoding = 4; lastKnownFileType = sourcecode.swift; path = FMVideoViewController.swift; sourceTree = "<group>"; };
		10CF9668263F275000C5D324 /* FMPhotoViewController.swift */ = {isa = PBXFileReference; fileEncoding = 4; lastKnownFileType = sourcecode.swift; path = FMPhotoViewController.swift; sourceTree = "<group>"; };
		10CF9669263F275000C5D324 /* FMScalingImageView.swift */ = {isa = PBXFileReference; fileEncoding = 4; lastKnownFileType = sourcecode.swift; path = FMScalingImageView.swift; sourceTree = "<group>"; };
		10CF966A263F275000C5D324 /* FMImageViewController.swift */ = {isa = PBXFileReference; fileEncoding = 4; lastKnownFileType = sourcecode.swift; path = FMImageViewController.swift; sourceTree = "<group>"; };
		10CF966C263F275000C5D324 /* FMPlaybackControlView.swift */ = {isa = PBXFileReference; fileEncoding = 4; lastKnownFileType = sourcecode.swift; path = FMPlaybackControlView.swift; sourceTree = "<group>"; };
		10CF966E263F275000C5D324 /* FMPlaybackProgressTrackLayer.swift */ = {isa = PBXFileReference; fileEncoding = 4; lastKnownFileType = sourcecode.swift; path = FMPlaybackProgressTrackLayer.swift; sourceTree = "<group>"; };
		10CF966F263F275000C5D324 /* FMPlaybackProgressView.swift */ = {isa = PBXFileReference; fileEncoding = 4; lastKnownFileType = sourcecode.swift; path = FMPlaybackProgressView.swift; sourceTree = "<group>"; };
		10CF9670263F275000C5D324 /* FMPlaybackProgressThumbLayer.swift */ = {isa = PBXFileReference; fileEncoding = 4; lastKnownFileType = sourcecode.swift; path = FMPlaybackProgressThumbLayer.swift; sourceTree = "<group>"; };
		10CF9671263F275000C5D324 /* FMPresenterTopView.swift */ = {isa = PBXFileReference; fileEncoding = 4; lastKnownFileType = sourcecode.swift; path = FMPresenterTopView.swift; sourceTree = "<group>"; };
		10CF9672263F275000C5D324 /* FMPresenterBottomView.swift */ = {isa = PBXFileReference; fileEncoding = 4; lastKnownFileType = sourcecode.swift; path = FMPresenterBottomView.swift; sourceTree = "<group>"; };
		10CF9673263F275000C5D324 /* FMPresenterEditMenuView.swift */ = {isa = PBXFileReference; fileEncoding = 4; lastKnownFileType = sourcecode.swift; path = FMPresenterEditMenuView.swift; sourceTree = "<group>"; };
		10CF9674263F275000C5D324 /* FMPhotoPresenterViewController.swift */ = {isa = PBXFileReference; fileEncoding = 4; lastKnownFileType = sourcecode.swift; path = FMPhotoPresenterViewController.swift; sourceTree = "<group>"; };
		10CF9677263F275000C5D324 /* FMCropCell.swift */ = {isa = PBXFileReference; fileEncoding = 4; lastKnownFileType = sourcecode.swift; path = FMCropCell.swift; sourceTree = "<group>"; };
		10CF9678263F275000C5D324 /* FMCropMenuView.swift */ = {isa = PBXFileReference; fileEncoding = 4; lastKnownFileType = sourcecode.swift; path = FMCropMenuView.swift; sourceTree = "<group>"; };
		10CF967A263F275000C5D324 /* FMCropView.swift */ = {isa = PBXFileReference; fileEncoding = 4; lastKnownFileType = sourcecode.swift; path = FMCropView.swift; sourceTree = "<group>"; };
		10CF967B263F275000C5D324 /* FMCropCropBoxView.swift */ = {isa = PBXFileReference; fileEncoding = 4; lastKnownFileType = sourcecode.swift; path = FMCropCropBoxView.swift; sourceTree = "<group>"; };
		10CF967C263F275000C5D324 /* FMCropTranslucencyView.swift */ = {isa = PBXFileReference; fileEncoding = 4; lastKnownFileType = sourcecode.swift; path = FMCropTranslucencyView.swift; sourceTree = "<group>"; };
		10CF967D263F275000C5D324 /* FMCropScrollView.swift */ = {isa = PBXFileReference; fileEncoding = 4; lastKnownFileType = sourcecode.swift; path = FMCropScrollView.swift; sourceTree = "<group>"; };
		10CF967E263F275000C5D324 /* FMCropCropBoxCornersView.swift */ = {isa = PBXFileReference; fileEncoding = 4; lastKnownFileType = sourcecode.swift; path = FMCropCropBoxCornersView.swift; sourceTree = "<group>"; };
		10CF967F263F275000C5D324 /* FMCropBackgroundView.swift */ = {isa = PBXFileReference; fileEncoding = 4; lastKnownFileType = sourcecode.swift; path = FMCropBackgroundView.swift; sourceTree = "<group>"; };
		10CF9680263F275000C5D324 /* FMCropForegroundView.swift */ = {isa = PBXFileReference; fileEncoding = 4; lastKnownFileType = sourcecode.swift; path = FMCropForegroundView.swift; sourceTree = "<group>"; };
		10CF9681263F275000C5D324 /* FMFiltersMenuView.swift */ = {isa = PBXFileReference; fileEncoding = 4; lastKnownFileType = sourcecode.swift; path = FMFiltersMenuView.swift; sourceTree = "<group>"; };
		10CF9682263F275000C5D324 /* FMFilterCell.swift */ = {isa = PBXFileReference; fileEncoding = 4; lastKnownFileType = sourcecode.swift; path = FMFilterCell.swift; sourceTree = "<group>"; };
		10CF9683263F275000C5D324 /* FMImageEditorViewController.swift */ = {isa = PBXFileReference; fileEncoding = 4; lastKnownFileType = sourcecode.swift; path = FMImageEditorViewController.swift; sourceTree = "<group>"; };
		10CF9685263F275000C5D324 /* FMPhotoAsset.swift */ = {isa = PBXFileReference; fileEncoding = 4; lastKnownFileType = sourcecode.swift; path = FMPhotoAsset.swift; sourceTree = "<group>"; };
		10CF9686263F275000C5D324 /* FMPhotosDataSource.swift */ = {isa = PBXFileReference; fileEncoding = 4; lastKnownFileType = sourcecode.swift; path = FMPhotosDataSource.swift; sourceTree = "<group>"; };
		10CF9688263F275000C5D324 /* FMImageEditor.swift */ = {isa = PBXFileReference; fileEncoding = 4; lastKnownFileType = sourcecode.swift; path = FMImageEditor.swift; sourceTree = "<group>"; };
		10CF968A263F275000C5D324 /* FMCrop.swift */ = {isa = PBXFileReference; fileEncoding = 4; lastKnownFileType = sourcecode.swift; path = FMCrop.swift; sourceTree = "<group>"; };
		10CF968B263F275000C5D324 /* FMCroppable.swift */ = {isa = PBXFileReference; fileEncoding = 4; lastKnownFileType = sourcecode.swift; path = FMCroppable.swift; sourceTree = "<group>"; };
		10CF968D263F275000C5D324 /* FMFilter.swift */ = {isa = PBXFileReference; fileEncoding = 4; lastKnownFileType = sourcecode.swift; path = FMFilter.swift; sourceTree = "<group>"; };
		10CF968E263F275000C5D324 /* FMFilterable.swift */ = {isa = PBXFileReference; fileEncoding = 4; lastKnownFileType = sourcecode.swift; path = FMFilterable.swift; sourceTree = "<group>"; };
		10F4E578262C224500E59A29 /* PhotoLocker.app */ = {isa = PBXFileReference; explicitFileType = wrapper.application; includeInIndex = 0; path = PhotoLocker.app; sourceTree = BUILT_PRODUCTS_DIR; };
		10F4E57B262C224500E59A29 /* AppDelegate.swift */ = {isa = PBXFileReference; lastKnownFileType = sourcecode.swift; path = AppDelegate.swift; sourceTree = "<group>"; };
		10F4E57D262C224500E59A29 /* SceneDelegate.swift */ = {isa = PBXFileReference; lastKnownFileType = sourcecode.swift; path = SceneDelegate.swift; sourceTree = "<group>"; };
		10F4E57F262C224500E59A29 /* HomeVC.swift */ = {isa = PBXFileReference; lastKnownFileType = sourcecode.swift; path = HomeVC.swift; sourceTree = "<group>"; };
		10F4E582262C224500E59A29 /* Base */ = {isa = PBXFileReference; lastKnownFileType = file.storyboard; name = Base; path = Base.lproj/Main.storyboard; sourceTree = "<group>"; };
		10F4E584262C224800E59A29 /* Assets.xcassets */ = {isa = PBXFileReference; lastKnownFileType = folder.assetcatalog; path = Assets.xcassets; sourceTree = "<group>"; };
		10F4E587262C224800E59A29 /* Base */ = {isa = PBXFileReference; lastKnownFileType = file.storyboard; name = Base; path = Base.lproj/LaunchScreen.storyboard; sourceTree = "<group>"; };
		10F4E589262C224800E59A29 /* Info.plist */ = {isa = PBXFileReference; lastKnownFileType = text.plist.xml; path = Info.plist; sourceTree = "<group>"; };
		36B24BD46D91E085FD11D53E /* Pods-PhotoLocker.release.xcconfig */ = {isa = PBXFileReference; includeInIndex = 1; lastKnownFileType = text.xcconfig; name = "Pods-PhotoLocker.release.xcconfig"; path = "Target Support Files/Pods-PhotoLocker/Pods-PhotoLocker.release.xcconfig"; sourceTree = "<group>"; };
		AC024A9C291E493ECEBA30CA /* Pods_PhotoLocker.framework */ = {isa = PBXFileReference; explicitFileType = wrapper.framework; includeInIndex = 0; path = Pods_PhotoLocker.framework; sourceTree = BUILT_PRODUCTS_DIR; };
		ACB8A871A211628503D7111C /* Pods-PhotoLocker.debug.xcconfig */ = {isa = PBXFileReference; includeInIndex = 1; lastKnownFileType = text.xcconfig; name = "Pods-PhotoLocker.debug.xcconfig"; path = "Target Support Files/Pods-PhotoLocker/Pods-PhotoLocker.debug.xcconfig"; sourceTree = "<group>"; };
/* End PBXFileReference section */

/* Begin PBXFrameworksBuildPhase section */
		10F4E575262C224500E59A29 /* Frameworks */ = {
			isa = PBXFrameworksBuildPhase;
			buildActionMask = 2147483647;
			files = (
				E22B27FD4824E906B7291414 /* Pods_PhotoLocker.framework in Frameworks */,
			);
			runOnlyForDeploymentPostprocessing = 0;
		};
/* End PBXFrameworksBuildPhase section */

/* Begin PBXGroup section */
		102B9DB526327CDE00500711 /* Assets */ = {
			isa = PBXGroup;
			children = (
				108182DA2636DA61005810DF /* deleteButtonpng.png */,
				108182D72636BCA0005810DF /* settings_icon.png */,
				108182D02636A804005810DF /* image.png */,
				108182D42636A978005810DF /* settings.png */,
				102B9DD826345EDA00500711 /* newfolder.png */,
				102B9DD526345ED600500711 /* video.png */,
				102B9DD226345ED200500711 /* document.png */,
				102B9DCF26345ECA00500711 /* photoalbum.png */,
				102B9DB626327CF300500711 /* gallery.png */,
			);
			path = Assets;
			sourceTree = "<group>";
		};
		102B9DC426328BD900500711 /* HomeOption */ = {
			isa = PBXGroup;
			children = (
				102B9DC926328C4000500711 /* OptionVC.swift */,
				102B9DCC2633F16100500711 /* OptionCell.swift */,
			);
			path = HomeOption;
			sourceTree = "<group>";
		};
		102B9DC526328BE500500711 /* HomeDetails */ = {
			isa = PBXGroup;
			children = (
				10CF95EA263E946700C5D324 /* DBManager */,
				109000B6263BA1AE005BE916 /* HomeDetails */,
				109000B7263BA1CB005BE916 /* DetailsCV */,
				109000B8263BA1DB005BE916 /* DetailsTV */,
				109000B9263BA1F1005BE916 /* DetailsConfig */,
			);
			path = HomeDetails;
			sourceTree = "<group>";
		};
		102B9DDB263468E300500711 /* New Folders */ = {
			isa = PBXGroup;
			children = (
				102B9DDC2634693500500711 /* AddNewFolderVC.swift */,
			);
			path = "New Folders";
			sourceTree = "<group>";
		};
		107AE2C0262ECCC3006AAC18 /* HomeVC */ = {
			isa = PBXGroup;
			children = (
				107AE2C2262ECEAA006AAC18 /* CollectionVC */,
				10F4E57F262C224500E59A29 /* HomeVC.swift */,
				102B9D9F2631393B00500711 /* ExtendHome.swift */,
			);
			path = HomeVC;
			sourceTree = "<group>";
		};
		107AE2C2262ECEAA006AAC18 /* CollectionVC */ = {
			isa = PBXGroup;
			children = (
				107AE2C3262ECEE8006AAC18 /* HomeCVCell.swift */,
				107AE2C4262ECEE8006AAC18 /* HomeCVCell.xib */,
				102B9DB226319BE200500711 /* HomeCV.swift */,
			);
			path = CollectionVC;
			sourceTree = "<group>";
		};
		109000B6263BA1AE005BE916 /* HomeDetails */ = {
			isa = PBXGroup;
			children = (
				102B9DC626328C1700500711 /* HomeDetailsVC.swift */,
				108A2D2326371D6700C83720 /* DesignHomeDetails.swift */,
			);
			path = HomeDetails;
			sourceTree = "<group>";
		};
		109000B7263BA1CB005BE916 /* DetailsCV */ = {
			isa = PBXGroup;
			children = (
				108A2D2626371D8200C83720 /* CVHomeDetails.swift */,
			);
			path = DetailsCV;
			sourceTree = "<group>";
		};
		109000B8263BA1DB005BE916 /* DetailsTV */ = {
			isa = PBXGroup;
			children = (
				108A2D2926371D9300C83720 /* TVHomeDetails.swift */,
				109000C1263E6F96005BE916 /* DetailsTVCell.swift */,
				109000C2263E6F96005BE916 /* DetailsTVCell.xib */,
			);
			path = DetailsTV;
			sourceTree = "<group>";
		};
		109000B9263BA1F1005BE916 /* DetailsConfig */ = {
			isa = PBXGroup;
			children = (
				108A2D2C2637204F00C83720 /* ConfigHomeDetails.swift */,
			);
			path = DetailsConfig;
			sourceTree = "<group>";
		};
		10A9835A26348BBA00FC647E /* Settings */ = {
			isa = PBXGroup;
			children = (
				10A9835B26348BD900FC647E /* SettingsVC.swift */,
				10A9835F26348CCC00FC647E /* SettingsTVCell.swift */,
			);
			path = Settings;
			sourceTree = "<group>";
		};
		10CF95EA263E946700C5D324 /* DBManager */ = {
			isa = PBXGroup;
			children = (
				10CF95EB263E949100C5D324 /* HomeDetailsDB.swift */,
			);
			path = DBManager;
			sourceTree = "<group>";
		};
		10CF9649263F275000C5D324 /* FMPhotoPicker */ = {
			isa = PBXGroup;
			children = (
				10CF964A263F275000C5D324 /* source */,
			);
			path = FMPhotoPicker;
			sourceTree = "<group>";
		};
		10CF964A263F275000C5D324 /* source */ = {
			isa = PBXGroup;
			children = (
				10CF964B263F275000C5D324 /* Animated Trasitioning */,
				10CF964E263F275000C5D324 /* Assets.xcassets */,
				10CF964F263F275000C5D324 /* Utilities */,
				10CF965D263F275000C5D324 /* Interaction Animator */,
				10CF965F263F275000C5D324 /* Scene */,
				10CF9684263F275000C5D324 /* Data */,
				10CF9687263F275000C5D324 /* ImageEditor */,
			);
			path = source;
			sourceTree = "<group>";
		};
		10CF964B263F275000C5D324 /* Animated Trasitioning */ = {
			isa = PBXGroup;
			children = (
				10CF964C263F275000C5D324 /* FMZoomInAnimationController.swift */,
				10CF964D263F275000C5D324 /* FMZoomOutAnimationController.swift */,
			);
			path = "Animated Trasitioning";
			sourceTree = "<group>";
		};
		10CF964F263F275000C5D324 /* Utilities */ = {
			isa = PBXGroup;
			children = (
				10CF9650263F275000C5D324 /* FMPhotoPickerConfig.swift */,
				10CF9651263F275000C5D324 /* FMLoadingView.swift */,
				10CF9652263F275000C5D324 /* FMAlertable.swift */,
				10CF9653263F275000C5D324 /* UIView+FMPhotoView.swift */,
				10CF9654263F275000C5D324 /* UIImage+Extension.swift */,
				10CF9655263F275000C5D324 /* UIImage+Extensions.swift */,
				10CF9656263F275000C5D324 /* Bundle+Extension.swift */,
				10CF9657263F275000C5D324 /* AVPlayer+Extension.swift */,
				10CF9658263F275000C5D324 /* TimeInterval+Extension.swift */,
				10CF9659263F275000C5D324 /* Const.swift */,
				10CF965A263F275000C5D324 /* Helper.swift */,
				10CF965B263F275000C5D324 /* InsertableUIView.swift */,
				10CF965C263F275000C5D324 /* FMWarningView.swift */,
			);
			path = Utilities;
			sourceTree = "<group>";
		};
		10CF965D263F275000C5D324 /* Interaction Animator */ = {
			isa = PBXGroup;
			children = (
				10CF965E263F275000C5D324 /* FMPhotoInteractionAnimator.swift */,
			);
			path = "Interaction Animator";
			sourceTree = "<group>";
		};
		10CF965F263F275000C5D324 /* Scene */ = {
			isa = PBXGroup;
			children = (
				10CF9660263F275000C5D324 /* Picker */,
				10CF9665263F275000C5D324 /* Presenter */,
			);
			path = Scene;
			sourceTree = "<group>";
		};
		10CF9660263F275000C5D324 /* Picker */ = {
			isa = PBXGroup;
			children = (
				10CF9661263F275000C5D324 /* FMPhotoPickerBatchSelector.swift */,
				10CF9662263F275000C5D324 /* FMPhotoPickerImageCollectionViewLayout.swift */,
				10CF9663263F275000C5D324 /* FMPhotoPickerViewController.swift */,
				10CF9664263F275000C5D324 /* FMPhotoPickerImageCollectionViewCell.swift */,
			);
			path = Picker;
			sourceTree = "<group>";
		};
		10CF9665263F275000C5D324 /* Presenter */ = {
			isa = PBXGroup;
			children = (
				10CF9666263F275000C5D324 /* Viewer */,
				10CF966B263F275000C5D324 /* Views */,
				10CF9674263F275000C5D324 /* FMPhotoPresenterViewController.swift */,
				10CF9675263F275000C5D324 /* Editor */,
			);
			path = Presenter;
			sourceTree = "<group>";
		};
		10CF9666263F275000C5D324 /* Viewer */ = {
			isa = PBXGroup;
			children = (
				10CF9667263F275000C5D324 /* FMVideoViewController.swift */,
				10CF9668263F275000C5D324 /* FMPhotoViewController.swift */,
				10CF9669263F275000C5D324 /* FMScalingImageView.swift */,
				10CF966A263F275000C5D324 /* FMImageViewController.swift */,
			);
			path = Viewer;
			sourceTree = "<group>";
		};
		10CF966B263F275000C5D324 /* Views */ = {
			isa = PBXGroup;
			children = (
				10CF966C263F275000C5D324 /* FMPlaybackControlView.swift */,
				10CF966D263F275000C5D324 /* Progress */,
				10CF9671263F275000C5D324 /* FMPresenterTopView.swift */,
				10CF9672263F275000C5D324 /* FMPresenterBottomView.swift */,
				10CF9673263F275000C5D324 /* FMPresenterEditMenuView.swift */,
			);
			path = Views;
			sourceTree = "<group>";
		};
		10CF966D263F275000C5D324 /* Progress */ = {
			isa = PBXGroup;
			children = (
				10CF966E263F275000C5D324 /* FMPlaybackProgressTrackLayer.swift */,
				10CF966F263F275000C5D324 /* FMPlaybackProgressView.swift */,
				10CF9670263F275000C5D324 /* FMPlaybackProgressThumbLayer.swift */,
			);
			path = Progress;
			sourceTree = "<group>";
		};
		10CF9675263F275000C5D324 /* Editor */ = {
			isa = PBXGroup;
			children = (
				10CF9676263F275000C5D324 /* Views */,
				10CF9683263F275000C5D324 /* FMImageEditorViewController.swift */,
			);
			path = Editor;
			sourceTree = "<group>";
		};
		10CF9676263F275000C5D324 /* Views */ = {
			isa = PBXGroup;
			children = (
				10CF9677263F275000C5D324 /* FMCropCell.swift */,
				10CF9678263F275000C5D324 /* FMCropMenuView.swift */,
				10CF9679263F275000C5D324 /* Crop */,
				10CF9681263F275000C5D324 /* FMFiltersMenuView.swift */,
				10CF9682263F275000C5D324 /* FMFilterCell.swift */,
			);
			path = Views;
			sourceTree = "<group>";
		};
		10CF9679263F275000C5D324 /* Crop */ = {
			isa = PBXGroup;
			children = (
				10CF967A263F275000C5D324 /* FMCropView.swift */,
				10CF967B263F275000C5D324 /* FMCropCropBoxView.swift */,
				10CF967C263F275000C5D324 /* FMCropTranslucencyView.swift */,
				10CF967D263F275000C5D324 /* FMCropScrollView.swift */,
				10CF967E263F275000C5D324 /* FMCropCropBoxCornersView.swift */,
				10CF967F263F275000C5D324 /* FMCropBackgroundView.swift */,
				10CF9680263F275000C5D324 /* FMCropForegroundView.swift */,
			);
			path = Crop;
			sourceTree = "<group>";
		};
		10CF9684263F275000C5D324 /* Data */ = {
			isa = PBXGroup;
			children = (
				10CF9685263F275000C5D324 /* FMPhotoAsset.swift */,
				10CF9686263F275000C5D324 /* FMPhotosDataSource.swift */,
			);
			path = Data;
			sourceTree = "<group>";
		};
		10CF9687263F275000C5D324 /* ImageEditor */ = {
			isa = PBXGroup;
			children = (
				10CF9688263F275000C5D324 /* FMImageEditor.swift */,
				10CF9689263F275000C5D324 /* Crop */,
				10CF968C263F275000C5D324 /* Filter */,
			);
			path = ImageEditor;
			sourceTree = "<group>";
		};
		10CF9689263F275000C5D324 /* Crop */ = {
			isa = PBXGroup;
			children = (
				10CF968A263F275000C5D324 /* FMCrop.swift */,
				10CF968B263F275000C5D324 /* FMCroppable.swift */,
			);
			path = Crop;
			sourceTree = "<group>";
		};
		10CF968C263F275000C5D324 /* Filter */ = {
			isa = PBXGroup;
			children = (
				10CF968D263F275000C5D324 /* FMFilter.swift */,
				10CF968E263F275000C5D324 /* FMFilterable.swift */,
			);
			path = Filter;
			sourceTree = "<group>";
		};
		10F4E56F262C224500E59A29 = {
			isa = PBXGroup;
			children = (
				10CF9649263F275000C5D324 /* FMPhotoPicker */,
				10F4E57A262C224500E59A29 /* PhotoLocker */,
				10F4E579262C224500E59A29 /* Products */,
				D04792D596D1D4E2AD254228 /* Pods */,
				AA669DB72CF033C7D770D3BF /* Frameworks */,
			);
			sourceTree = "<group>";
		};
		10F4E579262C224500E59A29 /* Products */ = {
			isa = PBXGroup;
			children = (
				10F4E578262C224500E59A29 /* PhotoLocker.app */,
			);
			name = Products;
			sourceTree = "<group>";
		};
		10F4E57A262C224500E59A29 /* PhotoLocker */ = {
			isa = PBXGroup;
			children = (
				102B9DB526327CDE00500711 /* Assets */,
				10F4E597262C235A00E59A29 /* Services */,
				10F4E596262C232000E59A29 /* Config */,
				10F4E595262C231700E59A29 /* Controllers */,
				10F4E594262C230E00E59A29 /* Models */,
				10F4E593262C230800E59A29 /* View */,
				10F4E592262C22A600E59A29 /* Supports */,
				10F4E591262C226E00E59A29 /* AppLaunch */,
				10F4E589262C224800E59A29 /* Info.plist */,
			);
			path = PhotoLocker;
			sourceTree = "<group>";
		};
		10F4E591262C226E00E59A29 /* AppLaunch */ = {
			isa = PBXGroup;
			children = (
				10F4E57B262C224500E59A29 /* AppDelegate.swift */,
				10F4E57D262C224500E59A29 /* SceneDelegate.swift */,
			);
			path = AppLaunch;
			sourceTree = "<group>";
		};
		10F4E592262C22A600E59A29 /* Supports */ = {
			isa = PBXGroup;
			children = (
				10F4E584262C224800E59A29 /* Assets.xcassets */,
				102B9DAB26319B6600500711 /* Extension.swift */,
			);
			path = Supports;
			sourceTree = "<group>";
		};
		10F4E593262C230800E59A29 /* View */ = {
			isa = PBXGroup;
			children = (
				10F4E586262C224800E59A29 /* LaunchScreen.storyboard */,
				10F4E581262C224500E59A29 /* Main.storyboard */,
			);
			path = View;
			sourceTree = "<group>";
		};
		10F4E594262C230E00E59A29 /* Models */ = {
			isa = PBXGroup;
			children = (
				102B9DA2263186B100500711 /* DBModel.swift */,
			);
			path = Models;
			sourceTree = "<group>";
		};
		10F4E595262C231700E59A29 /* Controllers */ = {
			isa = PBXGroup;
			children = (
				10A9835A26348BBA00FC647E /* Settings */,
				102B9DDB263468E300500711 /* New Folders */,
				102B9DC526328BE500500711 /* HomeDetails */,
				102B9DC426328BD900500711 /* HomeOption */,
				107AE2C0262ECCC3006AAC18 /* HomeVC */,
			);
			path = Controllers;
			sourceTree = "<group>";
		};
		10F4E596262C232000E59A29 /* Config */ = {
			isa = PBXGroup;
			children = (
			);
			path = Config;
			sourceTree = "<group>";
		};
		10F4E597262C235A00E59A29 /* Services */ = {
			isa = PBXGroup;
			children = (
				102B9DA5263187C600500711 /* DBService.swift */,
			);
			path = Services;
			sourceTree = "<group>";
		};
		AA669DB72CF033C7D770D3BF /* Frameworks */ = {
			isa = PBXGroup;
			children = (
				AC024A9C291E493ECEBA30CA /* Pods_PhotoLocker.framework */,
			);
			name = Frameworks;
			sourceTree = "<group>";
		};
		D04792D596D1D4E2AD254228 /* Pods */ = {
			isa = PBXGroup;
			children = (
				ACB8A871A211628503D7111C /* Pods-PhotoLocker.debug.xcconfig */,
				36B24BD46D91E085FD11D53E /* Pods-PhotoLocker.release.xcconfig */,
			);
			path = Pods;
			sourceTree = "<group>";
		};
/* End PBXGroup section */

/* Begin PBXNativeTarget section */
		10F4E577262C224500E59A29 /* PhotoLocker */ = {
			isa = PBXNativeTarget;
			buildConfigurationList = 10F4E58C262C224800E59A29 /* Build configuration list for PBXNativeTarget "PhotoLocker" */;
			buildPhases = (
				9D6AEB4A20A5B6B4AFC43AD4 /* [CP] Check Pods Manifest.lock */,
				10F4E574262C224500E59A29 /* Sources */,
				10F4E575262C224500E59A29 /* Frameworks */,
				10F4E576262C224500E59A29 /* Resources */,
				7C01F21F795EC4527D6D1898 /* [CP] Embed Pods Frameworks */,
			);
			buildRules = (
			);
			dependencies = (
			);
			name = PhotoLocker;
			productName = PhotoLocker;
			productReference = 10F4E578262C224500E59A29 /* PhotoLocker.app */;
			productType = "com.apple.product-type.application";
		};
/* End PBXNativeTarget section */

/* Begin PBXProject section */
		10F4E570262C224500E59A29 /* Project object */ = {
			isa = PBXProject;
			attributes = {
				LastSwiftUpdateCheck = 1230;
				LastUpgradeCheck = 1230;
				TargetAttributes = {
					10F4E577262C224500E59A29 = {
						CreatedOnToolsVersion = 12.3;
					};
				};
			};
			buildConfigurationList = 10F4E573262C224500E59A29 /* Build configuration list for PBXProject "PhotoLocker" */;
			compatibilityVersion = "Xcode 9.3";
			developmentRegion = en;
			hasScannedForEncodings = 0;
			knownRegions = (
				en,
				Base,
			);
			mainGroup = 10F4E56F262C224500E59A29;
			productRefGroup = 10F4E579262C224500E59A29 /* Products */;
			projectDirPath = "";
			projectRoot = "";
			targets = (
				10F4E577262C224500E59A29 /* PhotoLocker */,
			);
		};
/* End PBXProject section */

/* Begin PBXResourcesBuildPhase section */
		10F4E576262C224500E59A29 /* Resources */ = {
			isa = PBXResourcesBuildPhase;
			buildActionMask = 2147483647;
			files = (
				109000C4263E6F97005BE916 /* DetailsTVCell.xib in Resources */,
				102B9DD026345ECA00500711 /* photoalbum.png in Resources */,
				108182D82636BCA0005810DF /* settings_icon.png in Resources */,
				108182DB2636DA61005810DF /* deleteButtonpng.png in Resources */,
				10CF9692263F275000C5D324 /* Assets.xcassets in Resources */,
				108182D12636A804005810DF /* image.png in Resources */,
				10F4E588262C224800E59A29 /* LaunchScreen.storyboard in Resources */,
				108182D52636A978005810DF /* settings.png in Resources */,
				107AE2C6262ECEE8006AAC18 /* HomeCVCell.xib in Resources */,
				102B9DD626345ED600500711 /* video.png in Resources */,
				102B9DB726327CF300500711 /* gallery.png in Resources */,
				102B9DD926345EDA00500711 /* newfolder.png in Resources */,
				102B9DD326345ED200500711 /* document.png in Resources */,
				10F4E585262C224800E59A29 /* Assets.xcassets in Resources */,
				10F4E583262C224500E59A29 /* Main.storyboard in Resources */,
			);
			runOnlyForDeploymentPostprocessing = 0;
		};
/* End PBXResourcesBuildPhase section */

/* Begin PBXShellScriptBuildPhase section */
		7C01F21F795EC4527D6D1898 /* [CP] Embed Pods Frameworks */ = {
			isa = PBXShellScriptBuildPhase;
			buildActionMask = 2147483647;
			files = (
			);
			inputFileListPaths = (
				"${PODS_ROOT}/Target Support Files/Pods-PhotoLocker/Pods-PhotoLocker-frameworks-${CONFIGURATION}-input-files.xcfilelist",
			);
			name = "[CP] Embed Pods Frameworks";
			outputFileListPaths = (
				"${PODS_ROOT}/Target Support Files/Pods-PhotoLocker/Pods-PhotoLocker-frameworks-${CONFIGURATION}-output-files.xcfilelist",
			);
			runOnlyForDeploymentPostprocessing = 0;
			shellPath = /bin/sh;
			shellScript = "\"${PODS_ROOT}/Target Support Files/Pods-PhotoLocker/Pods-PhotoLocker-frameworks.sh\"\n";
			showEnvVarsInLog = 0;
		};
		9D6AEB4A20A5B6B4AFC43AD4 /* [CP] Check Pods Manifest.lock */ = {
			isa = PBXShellScriptBuildPhase;
			buildActionMask = 2147483647;
			files = (
			);
			inputFileListPaths = (
			);
			inputPaths = (
				"${PODS_PODFILE_DIR_PATH}/Podfile.lock",
				"${PODS_ROOT}/Manifest.lock",
			);
			name = "[CP] Check Pods Manifest.lock";
			outputFileListPaths = (
			);
			outputPaths = (
				"$(DERIVED_FILE_DIR)/Pods-PhotoLocker-checkManifestLockResult.txt",
			);
			runOnlyForDeploymentPostprocessing = 0;
			shellPath = /bin/sh;
			shellScript = "diff \"${PODS_PODFILE_DIR_PATH}/Podfile.lock\" \"${PODS_ROOT}/Manifest.lock\" > /dev/null\nif [ $? != 0 ] ; then\n    # print error to STDERR\n    echo \"error: The sandbox is not in sync with the Podfile.lock. Run 'pod install' or update your CocoaPods installation.\" >&2\n    exit 1\nfi\n# This output is used by Xcode 'outputs' to avoid re-running this script phase.\necho \"SUCCESS\" > \"${SCRIPT_OUTPUT_FILE_0}\"\n";
			showEnvVarsInLog = 0;
		};
/* End PBXShellScriptBuildPhase section */

/* Begin PBXSourcesBuildPhase section */
		10F4E574262C224500E59A29 /* Sources */ = {
			isa = PBXSourcesBuildPhase;
			buildActionMask = 2147483647;
			files = (
				102B9DDD2634693500500711 /* AddNewFolderVC.swift in Sources */,
				10CF96AB263F275000C5D324 /* FMPlaybackProgressView.swift in Sources */,
				10CF96B5263F275000C5D324 /* FMCropTranslucencyView.swift in Sources */,
				10CF9699263F275000C5D324 /* Bundle+Extension.swift in Sources */,
				10CF96A3263F275000C5D324 /* FMPhotoPickerViewController.swift in Sources */,
				10CF969F263F275000C5D324 /* FMWarningView.swift in Sources */,
				102B9DA02631393B00500711 /* ExtendHome.swift in Sources */,
				10CF96BF263F275000C5D324 /* FMImageEditor.swift in Sources */,
				10CF96B1263F275000C5D324 /* FMCropCell.swift in Sources */,
				10F4E580262C224500E59A29 /* HomeVC.swift in Sources */,
				102B9DB326319BE200500711 /* HomeCV.swift in Sources */,
				10CF96AC263F275000C5D324 /* FMPlaybackProgressThumbLayer.swift in Sources */,
				107AE2C5262ECEE8006AAC18 /* HomeCVCell.swift in Sources */,
				10CF9696263F275000C5D324 /* UIView+FMPhotoView.swift in Sources */,
				10CF96AA263F275000C5D324 /* FMPlaybackProgressTrackLayer.swift in Sources */,
				10CF96C2263F275000C5D324 /* FMFilter.swift in Sources */,
				10CF9695263F275000C5D324 /* FMAlertable.swift in Sources */,
				10CF96B4263F275000C5D324 /* FMCropCropBoxView.swift in Sources */,
				10CF96BC263F275000C5D324 /* FMImageEditorViewController.swift in Sources */,
				10A9836026348CCC00FC647E /* SettingsTVCell.swift in Sources */,
				102B9DC726328C1700500711 /* HomeDetailsVC.swift in Sources */,
				10CF969E263F275000C5D324 /* InsertableUIView.swift in Sources */,
				108A2D2726371D8200C83720 /* CVHomeDetails.swift in Sources */,
				102B9DA6263187C600500711 /* DBService.swift in Sources */,
				10CF96AD263F275000C5D324 /* FMPresenterTopView.swift in Sources */,
				10CF969A263F275000C5D324 /* AVPlayer+Extension.swift in Sources */,
				10CF96C3263F275000C5D324 /* FMFilterable.swift in Sources */,
				10F4E57C262C224500E59A29 /* AppDelegate.swift in Sources */,
				10CF96A7263F275000C5D324 /* FMScalingImageView.swift in Sources */,
				10CF96A4263F275000C5D324 /* FMPhotoPickerImageCollectionViewCell.swift in Sources */,
				108A2D2D2637204F00C83720 /* ConfigHomeDetails.swift in Sources */,
				10CF9690263F275000C5D324 /* FMZoomInAnimationController.swift in Sources */,
				10CF96A6263F275000C5D324 /* FMPhotoViewController.swift in Sources */,
				10F4E57E262C224500E59A29 /* SceneDelegate.swift in Sources */,
				10CF96AE263F275000C5D324 /* FMPresenterBottomView.swift in Sources */,
				10CF9697263F275000C5D324 /* UIImage+Extension.swift in Sources */,
				10CF9694263F275000C5D324 /* FMLoadingView.swift in Sources */,
				10CF96B2263F275000C5D324 /* FMCropMenuView.swift in Sources */,
				10CF969B263F275000C5D324 /* TimeInterval+Extension.swift in Sources */,
				10CF96A0263F275000C5D324 /* FMPhotoInteractionAnimator.swift in Sources */,
				10CF96A8263F275000C5D324 /* FMImageViewController.swift in Sources */,
				10CF96A9263F275000C5D324 /* FMPlaybackControlView.swift in Sources */,
				10CF96BB263F275000C5D324 /* FMFilterCell.swift in Sources */,
				10CF96B0263F275000C5D324 /* FMPhotoPresenterViewController.swift in Sources */,
				10CF96B3263F275000C5D324 /* FMCropView.swift in Sources */,
				10CF96B7263F275000C5D324 /* FMCropCropBoxCornersView.swift in Sources */,
				108A2D2A26371D9300C83720 /* TVHomeDetails.swift in Sources */,
				10CF96BE263F275000C5D324 /* FMPhotosDataSource.swift in Sources */,
				10CF96BD263F275000C5D324 /* FMPhotoAsset.swift in Sources */,
				10CF9691263F275000C5D324 /* FMZoomOutAnimationController.swift in Sources */,
				102B9DCD2633F16100500711 /* OptionCell.swift in Sources */,
				109000C3263E6F96005BE916 /* DetailsTVCell.swift in Sources */,
				10CF96C0263F275000C5D324 /* FMCrop.swift in Sources */,
				10CF95EC263E949100C5D324 /* HomeDetailsDB.swift in Sources */,
				10CF969D263F275000C5D324 /* Helper.swift in Sources */,
				10CF96C1263F275000C5D324 /* FMCroppable.swift in Sources */,
				10CF96A5263F275000C5D324 /* FMVideoViewController.swift in Sources */,
				10CF96AF263F275000C5D324 /* FMPresenterEditMenuView.swift in Sources */,
				108A2D2426371D6700C83720 /* DesignHomeDetails.swift in Sources */,
				102B9DA3263186B100500711 /* DBModel.swift in Sources */,
				102B9DAC26319B6600500711 /* Extension.swift in Sources */,
				10CF9693263F275000C5D324 /* FMPhotoPickerConfig.swift in Sources */,
				10CF96B8263F275000C5D324 /* FMCropBackgroundView.swift in Sources */,
				102B9DCA26328C4000500711 /* OptionVC.swift in Sources */,
				10CF96A2263F275000C5D324 /* FMPhotoPickerImageCollectionViewLayout.swift in Sources */,
				10A9835C26348BD900FC647E /* SettingsVC.swift in Sources */,
				10CF96B6263F275000C5D324 /* FMCropScrollView.swift in Sources */,
				10CF9698263F275000C5D324 /* UIImage+Extensions.swift in Sources */,
				10CF96A1263F275000C5D324 /* FMPhotoPickerBatchSelector.swift in Sources */,
				10CF96B9263F275000C5D324 /* FMCropForegroundView.swift in Sources */,
				10CF96BA263F275000C5D324 /* FMFiltersMenuView.swift in Sources */,
				10CF969C263F275000C5D324 /* Const.swift in Sources */,
			);
			runOnlyForDeploymentPostprocessing = 0;
		};
/* End PBXSourcesBuildPhase section */

/* Begin PBXVariantGroup section */
		10F4E581262C224500E59A29 /* Main.storyboard */ = {
			isa = PBXVariantGroup;
			children = (
				10F4E582262C224500E59A29 /* Base */,
			);
			name = Main.storyboard;
			sourceTree = "<group>";
		};
		10F4E586262C224800E59A29 /* LaunchScreen.storyboard */ = {
			isa = PBXVariantGroup;
			children = (
				10F4E587262C224800E59A29 /* Base */,
			);
			name = LaunchScreen.storyboard;
			sourceTree = "<group>";
		};
/* End PBXVariantGroup section */

/* Begin XCBuildConfiguration section */
		10F4E58A262C224800E59A29 /* Debug */ = {
			isa = XCBuildConfiguration;
			buildSettings = {
				ALWAYS_SEARCH_USER_PATHS = NO;
				CLANG_ANALYZER_NONNULL = YES;
				CLANG_ANALYZER_NUMBER_OBJECT_CONVERSION = YES_AGGRESSIVE;
				CLANG_CXX_LANGUAGE_STANDARD = "gnu++14";
				CLANG_CXX_LIBRARY = "libc++";
				CLANG_ENABLE_MODULES = YES;
				CLANG_ENABLE_OBJC_ARC = YES;
				CLANG_ENABLE_OBJC_WEAK = YES;
				CLANG_WARN_BLOCK_CAPTURE_AUTORELEASING = YES;
				CLANG_WARN_BOOL_CONVERSION = YES;
				CLANG_WARN_COMMA = YES;
				CLANG_WARN_CONSTANT_CONVERSION = YES;
				CLANG_WARN_DEPRECATED_OBJC_IMPLEMENTATIONS = YES;
				CLANG_WARN_DIRECT_OBJC_ISA_USAGE = YES_ERROR;
				CLANG_WARN_DOCUMENTATION_COMMENTS = YES;
				CLANG_WARN_EMPTY_BODY = YES;
				CLANG_WARN_ENUM_CONVERSION = YES;
				CLANG_WARN_INFINITE_RECURSION = YES;
				CLANG_WARN_INT_CONVERSION = YES;
				CLANG_WARN_NON_LITERAL_NULL_CONVERSION = YES;
				CLANG_WARN_OBJC_IMPLICIT_RETAIN_SELF = YES;
				CLANG_WARN_OBJC_LITERAL_CONVERSION = YES;
				CLANG_WARN_OBJC_ROOT_CLASS = YES_ERROR;
				CLANG_WARN_QUOTED_INCLUDE_IN_FRAMEWORK_HEADER = YES;
				CLANG_WARN_RANGE_LOOP_ANALYSIS = YES;
				CLANG_WARN_STRICT_PROTOTYPES = YES;
				CLANG_WARN_SUSPICIOUS_MOVE = YES;
				CLANG_WARN_UNGUARDED_AVAILABILITY = YES_AGGRESSIVE;
				CLANG_WARN_UNREACHABLE_CODE = YES;
				CLANG_WARN__DUPLICATE_METHOD_MATCH = YES;
				COPY_PHASE_STRIP = NO;
				DEBUG_INFORMATION_FORMAT = dwarf;
				ENABLE_STRICT_OBJC_MSGSEND = YES;
				ENABLE_TESTABILITY = YES;
				GCC_C_LANGUAGE_STANDARD = gnu11;
				GCC_DYNAMIC_NO_PIC = NO;
				GCC_NO_COMMON_BLOCKS = YES;
				GCC_OPTIMIZATION_LEVEL = 0;
				GCC_PREPROCESSOR_DEFINITIONS = (
					"DEBUG=1",
					"$(inherited)",
				);
				GCC_WARN_64_TO_32_BIT_CONVERSION = YES;
				GCC_WARN_ABOUT_RETURN_TYPE = YES_ERROR;
				GCC_WARN_UNDECLARED_SELECTOR = YES;
				GCC_WARN_UNINITIALIZED_AUTOS = YES_AGGRESSIVE;
				GCC_WARN_UNUSED_FUNCTION = YES;
				GCC_WARN_UNUSED_VARIABLE = YES;
				IPHONEOS_DEPLOYMENT_TARGET = 13.0;
				MTL_ENABLE_DEBUG_INFO = INCLUDE_SOURCE;
				MTL_FAST_MATH = YES;
				ONLY_ACTIVE_ARCH = YES;
				SDKROOT = iphoneos;
				SWIFT_ACTIVE_COMPILATION_CONDITIONS = DEBUG;
				SWIFT_OPTIMIZATION_LEVEL = "-Onone";
			};
			name = Debug;
		};
		10F4E58B262C224800E59A29 /* Release */ = {
			isa = XCBuildConfiguration;
			buildSettings = {
				ALWAYS_SEARCH_USER_PATHS = NO;
				CLANG_ANALYZER_NONNULL = YES;
				CLANG_ANALYZER_NUMBER_OBJECT_CONVERSION = YES_AGGRESSIVE;
				CLANG_CXX_LANGUAGE_STANDARD = "gnu++14";
				CLANG_CXX_LIBRARY = "libc++";
				CLANG_ENABLE_MODULES = YES;
				CLANG_ENABLE_OBJC_ARC = YES;
				CLANG_ENABLE_OBJC_WEAK = YES;
				CLANG_WARN_BLOCK_CAPTURE_AUTORELEASING = YES;
				CLANG_WARN_BOOL_CONVERSION = YES;
				CLANG_WARN_COMMA = YES;
				CLANG_WARN_CONSTANT_CONVERSION = YES;
				CLANG_WARN_DEPRECATED_OBJC_IMPLEMENTATIONS = YES;
				CLANG_WARN_DIRECT_OBJC_ISA_USAGE = YES_ERROR;
				CLANG_WARN_DOCUMENTATION_COMMENTS = YES;
				CLANG_WARN_EMPTY_BODY = YES;
				CLANG_WARN_ENUM_CONVERSION = YES;
				CLANG_WARN_INFINITE_RECURSION = YES;
				CLANG_WARN_INT_CONVERSION = YES;
				CLANG_WARN_NON_LITERAL_NULL_CONVERSION = YES;
				CLANG_WARN_OBJC_IMPLICIT_RETAIN_SELF = YES;
				CLANG_WARN_OBJC_LITERAL_CONVERSION = YES;
				CLANG_WARN_OBJC_ROOT_CLASS = YES_ERROR;
				CLANG_WARN_QUOTED_INCLUDE_IN_FRAMEWORK_HEADER = YES;
				CLANG_WARN_RANGE_LOOP_ANALYSIS = YES;
				CLANG_WARN_STRICT_PROTOTYPES = YES;
				CLANG_WARN_SUSPICIOUS_MOVE = YES;
				CLANG_WARN_UNGUARDED_AVAILABILITY = YES_AGGRESSIVE;
				CLANG_WARN_UNREACHABLE_CODE = YES;
				CLANG_WARN__DUPLICATE_METHOD_MATCH = YES;
				COPY_PHASE_STRIP = NO;
				DEBUG_INFORMATION_FORMAT = "dwarf-with-dsym";
				ENABLE_NS_ASSERTIONS = NO;
				ENABLE_STRICT_OBJC_MSGSEND = YES;
				GCC_C_LANGUAGE_STANDARD = gnu11;
				GCC_NO_COMMON_BLOCKS = YES;
				GCC_WARN_64_TO_32_BIT_CONVERSION = YES;
				GCC_WARN_ABOUT_RETURN_TYPE = YES_ERROR;
				GCC_WARN_UNDECLARED_SELECTOR = YES;
				GCC_WARN_UNINITIALIZED_AUTOS = YES_AGGRESSIVE;
				GCC_WARN_UNUSED_FUNCTION = YES;
				GCC_WARN_UNUSED_VARIABLE = YES;
				IPHONEOS_DEPLOYMENT_TARGET = 13.0;
				MTL_ENABLE_DEBUG_INFO = NO;
				MTL_FAST_MATH = YES;
				SDKROOT = iphoneos;
				SWIFT_COMPILATION_MODE = wholemodule;
				SWIFT_OPTIMIZATION_LEVEL = "-O";
				VALIDATE_PRODUCT = YES;
			};
			name = Release;
		};
		10F4E58D262C224800E59A29 /* Debug */ = {
			isa = XCBuildConfiguration;
			baseConfigurationReference = ACB8A871A211628503D7111C /* Pods-PhotoLocker.debug.xcconfig */;
			buildSettings = {
				ASSETCATALOG_COMPILER_APPICON_NAME = AppIcon;
				ASSETCATALOG_COMPILER_GLOBAL_ACCENT_COLOR_NAME = AccentColor;
				CODE_SIGN_STYLE = Automatic;
				DEVELOPMENT_TEAM = R975Y8X2C9;
				INFOPLIST_FILE = PhotoLocker/Info.plist;
				LD_RUNPATH_SEARCH_PATHS = (
					"$(inherited)",
					"@executable_path/Frameworks",
				);
				PRODUCT_BUNDLE_IDENTIFIER = com.lollipop.PhotoLocker;
				PRODUCT_NAME = "$(TARGET_NAME)";
				SWIFT_VERSION = 5.0;
				TARGETED_DEVICE_FAMILY = 1;
			};
			name = Debug;
		};
		10F4E58E262C224800E59A29 /* Release */ = {
			isa = XCBuildConfiguration;
			baseConfigurationReference = 36B24BD46D91E085FD11D53E /* Pods-PhotoLocker.release.xcconfig */;
			buildSettings = {
				ASSETCATALOG_COMPILER_APPICON_NAME = AppIcon;
				ASSETCATALOG_COMPILER_GLOBAL_ACCENT_COLOR_NAME = AccentColor;
				CODE_SIGN_STYLE = Automatic;
				DEVELOPMENT_TEAM = R975Y8X2C9;
				INFOPLIST_FILE = PhotoLocker/Info.plist;
				LD_RUNPATH_SEARCH_PATHS = (
					"$(inherited)",
					"@executable_path/Frameworks",
				);
				PRODUCT_BUNDLE_IDENTIFIER = com.lollipop.PhotoLocker;
				PRODUCT_NAME = "$(TARGET_NAME)";
				SWIFT_VERSION = 5.0;
				TARGETED_DEVICE_FAMILY = 1;
			};
			name = Release;
		};
/* End XCBuildConfiguration section */

/* Begin XCConfigurationList section */
		10F4E573262C224500E59A29 /* Build configuration list for PBXProject "PhotoLocker" */ = {
			isa = XCConfigurationList;
			buildConfigurations = (
				10F4E58A262C224800E59A29 /* Debug */,
				10F4E58B262C224800E59A29 /* Release */,
			);
			defaultConfigurationIsVisible = 0;
			defaultConfigurationName = Release;
		};
		10F4E58C262C224800E59A29 /* Build configuration list for PBXNativeTarget "PhotoLocker" */ = {
			isa = XCConfigurationList;
			buildConfigurations = (
				10F4E58D262C224800E59A29 /* Debug */,
				10F4E58E262C224800E59A29 /* Release */,
			);
			defaultConfigurationIsVisible = 0;
			defaultConfigurationName = Release;
		};
/* End XCConfigurationList section */
	};
	rootObject = 10F4E570262C224500E59A29 /* Project object */;
}
